
Microsoft Visual Studio Solution File, Format Version 12.00
# Visual Studio 15
Project("{FAE04EC0-301F-11D3-BF4B-00C04F79EFBC}") = "Assembly-CSharp", "Assembly-CSharp.csproj", "{BFCB864D-4BD8-70EB-71F3-7C60EA44C114}"
EndProject
Project("{FAE04EC0-301F-11D3-BF4B-00C04F79EFBC}") = "Assembly-CSharp-Editor-firstpass", "Assembly-CSharp-Editor-firstpass.csproj", "{2D0B9E61-CD69-3350-2FB6-1F1817F984EA}"
EndProject
Global
	GlobalSection(SolutionConfigurationPlatforms) = preSolution
		Debug|Any CPU = Debug|Any CPU
		Release|Any CPU = Release|Any CPU
	EndGlobalSection
	GlobalSection(ProjectConfigurationPlatforms) = postSolution
		{BFCB864D-4BD8-70EB-71F3-7C60EA44C114}.Debug|Any CPU.ActiveCfg = Debug|Any CPU
		{BFCB864D-4BD8-70EB-71F3-7C60EA44C114}.Debug|Any CPU.Build.0 = Debug|Any CPU
		{BFCB864D-4BD8-70EB-71F3-7C60EA44C114}.Release|Any CPU.ActiveCfg = Release|Any CPU
		{BFCB864D-4BD8-70EB-71F3-7C60EA44C114}.Release|Any CPU.Build.0 = Release|Any CPU
		{2D0B9E61-CD69-3350-2FB6-1F1817F984EA}.Debug|Any CPU.ActiveCfg = Debug|Any CPU
		{2D0B9E61-CD69-3350-2FB6-1F1817F984EA}.Debug|Any CPU.Build.0 = Debug|Any CPU
		{2D0B9E61-CD69-3350-2FB6-1F1817F984EA}.Release|Any CPU.ActiveCfg = Release|Any CPU
		{2D0B9E61-CD69-3350-2FB6-1F1817F984EA}.Release|Any CPU.Build.0 = Release|Any CPU
	EndGlobalSection
	GlobalSection(SolutionProperties) = preSolution
		HideSolutionNode = FALSE
	EndGlobalSection
EndGlobal
